
Microsoft Visual Studio Solution File, Format Version 12.00
# Visual Studio Version 17
VisualStudioVersion = 17.12.35707.178
MinimumVisualStudioVersion = 10.0.40219.1
Project("{FAE04EC0-301F-11D3-BF4B-00C04F79EFBC}") = "PelisApp.Api", "PelisApp.Api\PelisApp.Api.csproj", "{18F885D9-84D2-43F7-B2E4-1934EBBE5C00}"
EndProject
Project("{FAE04EC0-301F-11D3-BF4B-00C04F79EFBC}") = "PelisApp.Core", "PelisApp.Core\PelisApp.Core.csproj", "{0831DF81-877C-4031-9235-8558BCF22508}"
EndProject
Project("{FAE04EC0-301F-11D3-BF4B-00C04F79EFBC}") = "PelisApp.Infraestructure", "PelisApp.Infraestructure\PelisApp.Infraestructure.csproj", "{37F182CB-D9C7-406C-BC8E-1D9698AC79DF}"
EndProject
Project("{FAE04EC0-301F-11D3-BF4B-00C04F79EFBC}") = "PelisApp.Tests", "PelisApp.Tests\PelisApp.Tests.csproj", "{885122B1-0EF3-4409-9A1A-54EAFE8CD208}"
EndProject
Global
	GlobalSection(SolutionConfigurationPlatforms) = preSolution
		Debug|Any CPU = Debug|Any CPU
		Release|Any CPU = Release|Any CPU
	EndGlobalSection
	GlobalSection(ProjectConfigurationPlatforms) = postSolution
		{18F885D9-84D2-43F7-B2E4-1934EBBE5C00}.Debug|Any CPU.ActiveCfg = Debug|Any CPU
		{18F885D9-84D2-43F7-B2E4-1934EBBE5C00}.Debug|Any CPU.Build.0 = Debug|Any CPU
		{18F885D9-84D2-43F7-B2E4-1934EBBE5C00}.Release|Any CPU.ActiveCfg = Release|Any CPU
		{18F885D9-84D2-43F7-B2E4-1934EBBE5C00}.Release|Any CPU.Build.0 = Release|Any CPU
		{0831DF81-877C-4031-9235-8558BCF22508}.Debug|Any CPU.ActiveCfg = Debug|Any CPU
		{0831DF81-877C-4031-9235-8558BCF22508}.Debug|Any CPU.Build.0 = Debug|Any CPU
		{0831DF81-877C-4031-9235-8558BCF22508}.Release|Any CPU.ActiveCfg = Release|Any CPU
		{0831DF81-877C-4031-9235-8558BCF22508}.Release|Any CPU.Build.0 = Release|Any CPU
		{37F182CB-D9C7-406C-BC8E-1D9698AC79DF}.Debug|Any CPU.ActiveCfg = Debug|Any CPU
		{37F182CB-D9C7-406C-BC8E-1D9698AC79DF}.Debug|Any CPU.Build.0 = Debug|Any CPU
		{37F182CB-D9C7-406C-BC8E-1D9698AC79DF}.Release|Any CPU.ActiveCfg = Release|Any CPU
		{37F182CB-D9C7-406C-BC8E-1D9698AC79DF}.Release|Any CPU.Build.0 = Release|Any CPU
		{885122B1-0EF3-4409-9A1A-54EAFE8CD208}.Debug|Any CPU.ActiveCfg = Debug|Any CPU
		{885122B1-0EF3-4409-9A1A-54EAFE8CD208}.Debug|Any CPU.Build.0 = Debug|Any CPU
		{885122B1-0EF3-4409-9A1A-54EAFE8CD208}.Release|Any CPU.ActiveCfg = Release|Any CPU
		{885122B1-0EF3-4409-9A1A-54EAFE8CD208}.Release|Any CPU.Build.0 = Release|Any CPU
	EndGlobalSection
	GlobalSection(SolutionProperties) = preSolution
		HideSolutionNode = FALSE
	EndGlobalSection
EndGlobal
